Microsoft Visual Studio Solution File, Format Version 12.00
# Visual Studio Version 16
VisualStudioVersion = 16.0.30413.136
MinimumVisualStudioVersion = 10.0.40219.1
Project("{9A19103F-16F7-4668-BE54-9A1E7A4F7556}") = "SSEData", "SSE-Data-Lib\SSEData.csproj", "{0CA6DC10-CAD0-455F-B7D9-72B992237EE7}"
EndProject
Project("{2150E333-8FDC-42A3-9474-1A3956D46DE8}") = "Solution Items", "Solution Items", "{0A363114-CA59-4868-87B7-C7EBFF99E6C3}"
	ProjectSection(SolutionItems) = preProject
		README.md = README.md
	EndProjectSection
EndProject
Project("{9A19103F-16F7-4668-BE54-9A1E7A4F7556}") = "SSECLI", "SSECLI\SSECLI.csproj", "{CE32270D-6AE6-48A7-AA17-8B50296981A6}"
EndProject
Project("{9A19103F-16F7-4668-BE54-9A1E7A4F7556}") = "TESVPlugin", "TESVPlugin\TESVPlugin.csproj", "{0E883877-DDAB-464C-8F74-786838971B16}"
EndProject
Project("{9A19103F-16F7-4668-BE54-9A1E7A4F7556}") = "TESVRecord", "TESVRecords\TESVRecord.csproj", "{00EAFFAB-FA04-446C-8850-1D620834040F}"
EndProject
Project("{FAE04EC0-301F-11D3-BF4B-00C04F79EFBC}") = "TESVArchive", "TESVArchive\TESVArchive.csproj", "{CA506800-4933-4149-B56C-7301FBFE2DAC}"
EndProject
Project("{FAE04EC0-301F-11D3-BF4B-00C04F79EFBC}") = "TESVTesting", "TESVTesting\TESVTesting.csproj", "{259C4993-9862-44AC-B86B-014AD88309CD}"
EndProject
Project("{FAE04EC0-301F-11D3-BF4B-00C04F79EFBC}") = "TESVNif", "TESVNif\TESVNif.csproj", "{4739C9A1-FDD1-427F-AF00-9C800E5CC8CA}"
EndProject
Project("{FAE04EC0-301F-11D3-BF4B-00C04F79EFBC}") = "TESV", "TESV\TESV.csproj", "{F4337B1F-0A15-4854-99F3-49C39954CD8F}"
EndProject
Project("{FAE04EC0-301F-11D3-BF4B-00C04F79EFBC}") = "BlockStructure", "BlockStructure\BlockStructure.csproj", "{50C3BA27-9289-4846-A43A-5262E9EC6FDF}"
EndProject
Project("{FAE04EC0-301F-11D3-BF4B-00C04F79EFBC}") = "Recreation.Data", "Recreation.Data\Recreation.Data.csproj", "{B3BCA93F-743B-4292-A1CF-87D3B5AFDF72}"
EndProject
Project("{FAE04EC0-301F-11D3-BF4B-00C04F79EFBC}") = "Recreation.Game", "Recreation.Game\Recreation.Game.csproj", "{ED2AF45D-40E8-4114-AE05-1BCB29AA5BB9}"
EndProject
Project("{FAE04EC0-301F-11D3-BF4B-00C04F79EFBC}") = "BlockStructure.Emit", "BlockStructure.Emit\BlockStructure.Emit.csproj", "{1990EFBE-B3F0-4AC3-A7CC-5F5EE3132A86}"
EndProject
Project("{FAE04EC0-301F-11D3-BF4B-00C04F79EFBC}") = "SampleLib", "SampleLib\SampleLib.csproj", "{409FDD68-76BE-40EC-9E99-D8AFD002887A}"
EndProject
Project("{FAE04EC0-301F-11D3-BF4B-00C04F79EFBC}") = "SampleCLI", "SampleCLI\SampleCLI.csproj", "{9792CF4C-EF7E-49B9-8541-862A4995595F}"
EndProject
Global
	GlobalSection(SolutionConfigurationPlatforms) = preSolution
		Debug|Any CPU = Debug|Any CPU
		Release|Any CPU = Release|Any CPU
	EndGlobalSection
	GlobalSection(ProjectConfigurationPlatforms) = postSolution
		{0CA6DC10-CAD0-455F-B7D9-72B992237EE7}.Debug|Any CPU.ActiveCfg = Debug|Any CPU
		{0CA6DC10-CAD0-455F-B7D9-72B992237EE7}.Debug|Any CPU.Build.0 = Debug|Any CPU
		{0CA6DC10-CAD0-455F-B7D9-72B992237EE7}.Release|Any CPU.ActiveCfg = Release|Any CPU
		{0CA6DC10-CAD0-455F-B7D9-72B992237EE7}.Release|Any CPU.Build.0 = Release|Any CPU
		{CE32270D-6AE6-48A7-AA17-8B50296981A6}.Debug|Any CPU.ActiveCfg = Debug|Any CPU
		{CE32270D-6AE6-48A7-AA17-8B50296981A6}.Debug|Any CPU.Build.0 = Debug|Any CPU
		{CE32270D-6AE6-48A7-AA17-8B50296981A6}.Release|Any CPU.ActiveCfg = Release|Any CPU
		{CE32270D-6AE6-48A7-AA17-8B50296981A6}.Release|Any CPU.Build.0 = Release|Any CPU
		{0E883877-DDAB-464C-8F74-786838971B16}.Debug|Any CPU.ActiveCfg = Debug|Any CPU
		{0E883877-DDAB-464C-8F74-786838971B16}.Debug|Any CPU.Build.0 = Debug|Any CPU
		{0E883877-DDAB-464C-8F74-786838971B16}.Release|Any CPU.ActiveCfg = Release|Any CPU
		{0E883877-DDAB-464C-8F74-786838971B16}.Release|Any CPU.Build.0 = Release|Any CPU
		{00EAFFAB-FA04-446C-8850-1D620834040F}.Debug|Any CPU.ActiveCfg = Debug|Any CPU
		{00EAFFAB-FA04-446C-8850-1D620834040F}.Debug|Any CPU.Build.0 = Debug|Any CPU
		{00EAFFAB-FA04-446C-8850-1D620834040F}.Release|Any CPU.ActiveCfg = Release|Any CPU
		{00EAFFAB-FA04-446C-8850-1D620834040F}.Release|Any CPU.Build.0 = Release|Any CPU
		{CA506800-4933-4149-B56C-7301FBFE2DAC}.Debug|Any CPU.ActiveCfg = Debug|Any CPU
		{CA506800-4933-4149-B56C-7301FBFE2DAC}.Debug|Any CPU.Build.0 = Debug|Any CPU
		{CA506800-4933-4149-B56C-7301FBFE2DAC}.Release|Any CPU.ActiveCfg = Release|Any CPU
		{CA506800-4933-4149-B56C-7301FBFE2DAC}.Release|Any CPU.Build.0 = Release|Any CPU
		{259C4993-9862-44AC-B86B-014AD88309CD}.Debug|Any CPU.ActiveCfg = Debug|Any CPU
		{259C4993-9862-44AC-B86B-014AD88309CD}.Debug|Any CPU.Build.0 = Debug|Any CPU
		{259C4993-9862-44AC-B86B-014AD88309CD}.Release|Any CPU.ActiveCfg = Release|Any CPU
		{259C4993-9862-44AC-B86B-014AD88309CD}.Release|Any CPU.Build.0 = Release|Any CPU
		{4739C9A1-FDD1-427F-AF00-9C800E5CC8CA}.Debug|Any CPU.ActiveCfg = Debug|Any CPU
		{4739C9A1-FDD1-427F-AF00-9C800E5CC8CA}.Debug|Any CPU.Build.0 = Debug|Any CPU
		{4739C9A1-FDD1-427F-AF00-9C800E5CC8CA}.Release|Any CPU.ActiveCfg = Release|Any CPU
		{4739C9A1-FDD1-427F-AF00-9C800E5CC8CA}.Release|Any CPU.Build.0 = Release|Any CPU
		{F4337B1F-0A15-4854-99F3-49C39954CD8F}.Debug|Any CPU.ActiveCfg = Debug|Any CPU
		{F4337B1F-0A15-4854-99F3-49C39954CD8F}.Debug|Any CPU.Build.0 = Debug|Any CPU
		{F4337B1F-0A15-4854-99F3-49C39954CD8F}.Release|Any CPU.ActiveCfg = Release|Any CPU
		{F4337B1F-0A15-4854-99F3-49C39954CD8F}.Release|Any CPU.Build.0 = Release|Any CPU
		{50C3BA27-9289-4846-A43A-5262E9EC6FDF}.Debug|Any CPU.ActiveCfg = Debug|Any CPU
		{50C3BA27-9289-4846-A43A-5262E9EC6FDF}.Debug|Any CPU.Build.0 = Debug|Any CPU
		{50C3BA27-9289-4846-A43A-5262E9EC6FDF}.Release|Any CPU.ActiveCfg = Release|Any CPU
		{50C3BA27-9289-4846-A43A-5262E9EC6FDF}.Release|Any CPU.Build.0 = Release|Any CPU
		{B3BCA93F-743B-4292-A1CF-87D3B5AFDF72}.Debug|Any CPU.ActiveCfg = Debug|Any CPU
		{B3BCA93F-743B-4292-A1CF-87D3B5AFDF72}.Debug|Any CPU.Build.0 = Debug|Any CPU
		{B3BCA93F-743B-4292-A1CF-87D3B5AFDF72}.Release|Any CPU.ActiveCfg = Release|Any CPU
		{B3BCA93F-743B-4292-A1CF-87D3B5AFDF72}.Release|Any CPU.Build.0 = Release|Any CPU
		{ED2AF45D-40E8-4114-AE05-1BCB29AA5BB9}.Debug|Any CPU.ActiveCfg = Debug|Any CPU
		{ED2AF45D-40E8-4114-AE05-1BCB29AA5BB9}.Debug|Any CPU.Build.0 = Debug|Any CPU
		{ED2AF45D-40E8-4114-AE05-1BCB29AA5BB9}.Release|Any CPU.ActiveCfg = Release|Any CPU
		{ED2AF45D-40E8-4114-AE05-1BCB29AA5BB9}.Release|Any CPU.Build.0 = Release|Any CPU
		{1990EFBE-B3F0-4AC3-A7CC-5F5EE3132A86}.Debug|Any CPU.ActiveCfg = Debug|Any CPU
		{1990EFBE-B3F0-4AC3-A7CC-5F5EE3132A86}.Debug|Any CPU.Build.0 = Debug|Any CPU
		{1990EFBE-B3F0-4AC3-A7CC-5F5EE3132A86}.Release|Any CPU.ActiveCfg = Release|Any CPU
		{1990EFBE-B3F0-4AC3-A7CC-5F5EE3132A86}.Release|Any CPU.Build.0 = Release|Any CPU
		{409FDD68-76BE-40EC-9E99-D8AFD002887A}.Debug|Any CPU.ActiveCfg = Debug|Any CPU
		{409FDD68-76BE-40EC-9E99-D8AFD002887A}.Debug|Any CPU.Build.0 = Debug|Any CPU
		{409FDD68-76BE-40EC-9E99-D8AFD002887A}.Release|Any CPU.ActiveCfg = Release|Any CPU
		{409FDD68-76BE-40EC-9E99-D8AFD002887A}.Release|Any CPU.Build.0 = Release|Any CPU
		{9792CF4C-EF7E-49B9-8541-862A4995595F}.Debug|Any CPU.ActiveCfg = Debug|Any CPU
		{9792CF4C-EF7E-49B9-8541-862A4995595F}.Debug|Any CPU.Build.0 = Debug|Any CPU
		{9792CF4C-EF7E-49B9-8541-862A4995595F}.Release|Any CPU.ActiveCfg = Release|Any CPU
		{9792CF4C-EF7E-49B9-8541-862A4995595F}.Release|Any CPU.Build.0 = Release|Any CPU
	EndGlobalSection
	GlobalSection(SolutionProperties) = preSolution
		HideSolutionNode = FALSE
	EndGlobalSection
	GlobalSection(ExtensibilityGlobals) = postSolution
		SolutionGuid = {5E963059-345C-4DA2-AA86-BF1064E29FFC}
	EndGlobalSection
EndGlobal
